
Microsoft Visual Studio Solution File, Format Version 12.00
Project("{FAE04EC0-301F-11D3-BF4B-00C04F79EFBC}") = "MiniKata5", "MiniKata5\MiniKata5.csproj", "{21FFDEAA-8566-4631-A233-D90A8B813663}"
EndProject
Project("{FAE04EC0-301F-11D3-BF4B-00C04F79EFBC}") = "Kata5", "Kata5\Kata5.csproj", "{B37D03F3-CFBE-4F8F-851A-B2EC4D87EA47}"
EndProject
Project("{FAE04EC0-301F-11D3-BF4B-00C04F79EFBC}") = "MiniKata6", "MiniKata6\MiniKata6.csproj", "{F9489082-6EA7-409A-A77C-981CDDB92389}"
EndProject
Project("{FAE04EC0-301F-11D3-BF4B-00C04F79EFBC}") = "Kata6", "Kata6\Kata6.csproj", "{D5F1248C-1F1A-4005-8338-03AF3BEE8A3C}"
EndProject
Project("{FAE04EC0-301F-11D3-BF4B-00C04F79EFBC}") = "MiniKata7", "MiniKata7\MiniKata7.csproj", "{5CDAC02F-8044-4035-8A6C-3F0DB55A89CC}"
EndProject
Project("{FAE04EC0-301F-11D3-BF4B-00C04F79EFBC}") = "Kata7", "Kata7\Kata7.csproj", "{47CB2C7D-CE63-4ABA-9E4D-AFDBB38418E9}"
EndProject
Project("{FAE04EC0-301F-11D3-BF4B-00C04F79EFBC}") = "Kata8", "Kata8\Kata8.csproj", "{6AD6EC98-61E9-4B48-912F-A0CD5F9581AC}"
EndProject
Project("{FAE04EC0-301F-11D3-BF4B-00C04F79EFBC}") = "Kata9", "Kata9\Kata9.csproj", "{180888DC-B8AF-4771-BA41-0C97254A33C4}"
EndProject
Global
	GlobalSection(SolutionConfigurationPlatforms) = preSolution
		Debug|Any CPU = Debug|Any CPU
		Release|Any CPU = Release|Any CPU
	EndGlobalSection
	GlobalSection(ProjectConfigurationPlatforms) = postSolution
		{21FFDEAA-8566-4631-A233-D90A8B813663}.Debug|Any CPU.ActiveCfg = Debug|Any CPU
		{21FFDEAA-8566-4631-A233-D90A8B813663}.Debug|Any CPU.Build.0 = Debug|Any CPU
		{21FFDEAA-8566-4631-A233-D90A8B813663}.Release|Any CPU.ActiveCfg = Release|Any CPU
		{21FFDEAA-8566-4631-A233-D90A8B813663}.Release|Any CPU.Build.0 = Release|Any CPU
		{B37D03F3-CFBE-4F8F-851A-B2EC4D87EA47}.Debug|Any CPU.ActiveCfg = Debug|Any CPU
		{B37D03F3-CFBE-4F8F-851A-B2EC4D87EA47}.Debug|Any CPU.Build.0 = Debug|Any CPU
		{B37D03F3-CFBE-4F8F-851A-B2EC4D87EA47}.Release|Any CPU.ActiveCfg = Release|Any CPU
		{B37D03F3-CFBE-4F8F-851A-B2EC4D87EA47}.Release|Any CPU.Build.0 = Release|Any CPU
		{F9489082-6EA7-409A-A77C-981CDDB92389}.Debug|Any CPU.ActiveCfg = Debug|Any CPU
		{F9489082-6EA7-409A-A77C-981CDDB92389}.Debug|Any CPU.Build.0 = Debug|Any CPU
		{F9489082-6EA7-409A-A77C-981CDDB92389}.Release|Any CPU.ActiveCfg = Release|Any CPU
		{F9489082-6EA7-409A-A77C-981CDDB92389}.Release|Any CPU.Build.0 = Release|Any CPU
		{D5F1248C-1F1A-4005-8338-03AF3BEE8A3C}.Debug|Any CPU.ActiveCfg = Debug|Any CPU
		{D5F1248C-1F1A-4005-8338-03AF3BEE8A3C}.Debug|Any CPU.Build.0 = Debug|Any CPU
		{D5F1248C-1F1A-4005-8338-03AF3BEE8A3C}.Release|Any CPU.ActiveCfg = Release|Any CPU
		{D5F1248C-1F1A-4005-8338-03AF3BEE8A3C}.Release|Any CPU.Build.0 = Release|Any CPU
		{5CDAC02F-8044-4035-8A6C-3F0DB55A89CC}.Debug|Any CPU.ActiveCfg = Debug|Any CPU
		{5CDAC02F-8044-4035-8A6C-3F0DB55A89CC}.Debug|Any CPU.Build.0 = Debug|Any CPU
		{5CDAC02F-8044-4035-8A6C-3F0DB55A89CC}.Release|Any CPU.ActiveCfg = Release|Any CPU
		{5CDAC02F-8044-4035-8A6C-3F0DB55A89CC}.Release|Any CPU.Build.0 = Release|Any CPU
		{47CB2C7D-CE63-4ABA-9E4D-AFDBB38418E9}.Debug|Any CPU.ActiveCfg = Debug|Any CPU
		{47CB2C7D-CE63-4ABA-9E4D-AFDBB38418E9}.Debug|Any CPU.Build.0 = Debug|Any CPU
		{47CB2C7D-CE63-4ABA-9E4D-AFDBB38418E9}.Release|Any CPU.ActiveCfg = Release|Any CPU
		{47CB2C7D-CE63-4ABA-9E4D-AFDBB38418E9}.Release|Any CPU.Build.0 = Release|Any CPU
		{6AD6EC98-61E9-4B48-912F-A0CD5F9581AC}.Debug|Any CPU.ActiveCfg = Debug|Any CPU
		{6AD6EC98-61E9-4B48-912F-A0CD5F9581AC}.Debug|Any CPU.Build.0 = Debug|Any CPU
		{6AD6EC98-61E9-4B48-912F-A0CD5F9581AC}.Release|Any CPU.ActiveCfg = Release|Any CPU
		{6AD6EC98-61E9-4B48-912F-A0CD5F9581AC}.Release|Any CPU.Build.0 = Release|Any CPU
		{180888DC-B8AF-4771-BA41-0C97254A33C4}.Debug|Any CPU.ActiveCfg = Debug|Any CPU
		{180888DC-B8AF-4771-BA41-0C97254A33C4}.Debug|Any CPU.Build.0 = Debug|Any CPU
		{180888DC-B8AF-4771-BA41-0C97254A33C4}.Release|Any CPU.ActiveCfg = Release|Any CPU
		{180888DC-B8AF-4771-BA41-0C97254A33C4}.Release|Any CPU.Build.0 = Release|Any CPU
	EndGlobalSection
EndGlobal
